// !$*UTF8*$!
{
	archiveVersion = 1;
	classes = {
	};
	objectVersion = 50;
	objects = {

/* Begin PBXBuildFile section */
		D90297F6264C1FCA006A6CFA /* Ch02_01.swift in Sources */ = {isa = PBXBuildFile; fileRef = D90297F5264C1FCA006A6CFA /* Ch02_01.swift */; };
		D90297F8264C2825006A6CFA /* Ch02_02.swift in Sources */ = {isa = PBXBuildFile; fileRef = D90297F7264C2825006A6CFA /* Ch02_02.swift */; };
		D915C21E2666863100EF6986 /* Ch07_01.swift in Sources */ = {isa = PBXBuildFile; fileRef = D915C21D2666863100EF6986 /* Ch07_01.swift */; };
		D915C2202666922100EF6986 /* Ch07_02.swift in Sources */ = {isa = PBXBuildFile; fileRef = D915C21F2666922100EF6986 /* Ch07_02.swift */; };
		D915C22226669F7000EF6986 /* Ch07_03.swift in Sources */ = {isa = PBXBuildFile; fileRef = D915C22126669F7000EF6986 /* Ch07_03.swift */; };
		D98F452126537B6800753BC7 /* Ch03_02.swift in Sources */ = {isa = PBXBuildFile; fileRef = D98F452026537B6800753BC7 /* Ch03_02.swift */; };
		D98F45242653AFBF00753BC7 /* Ch04_01.swift in Sources */ = {isa = PBXBuildFile; fileRef = D98F45232653AFBF00753BC7 /* Ch04_01.swift */; };
		D98F45262653C0A500753BC7 /* Ch04_02.swift in Sources */ = {isa = PBXBuildFile; fileRef = D98F45252653C0A500753BC7 /* Ch04_02.swift */; };
		D98F4528265410C900753BC7 /* Ch04_03.swift in Sources */ = {isa = PBXBuildFile; fileRef = D98F4527265410C900753BC7 /* Ch04_03.swift */; };
		D99DA48C2649838E0093512D /* AppDelegate.swift in Sources */ = {isa = PBXBuildFile; fileRef = D99DA48B2649838E0093512D /* AppDelegate.swift */; };
		D99DA48E2649838E0093512D /* SceneDelegate.swift in Sources */ = {isa = PBXBuildFile; fileRef = D99DA48D2649838E0093512D /* SceneDelegate.swift */; };
		D99DA4902649838E0093512D /* ContentView.swift in Sources */ = {isa = PBXBuildFile; fileRef = D99DA48F2649838E0093512D /* ContentView.swift */; };
		D99DA4922649838F0093512D /* Assets.xcassets in Resources */ = {isa = PBXBuildFile; fileRef = D99DA4912649838F0093512D /* Assets.xcassets */; };
		D99DA4952649838F0093512D /* Preview Assets.xcassets in Resources */ = {isa = PBXBuildFile; fileRef = D99DA4942649838F0093512D /* Preview Assets.xcassets */; };
		D99DA4982649838F0093512D /* LaunchScreen.storyboard in Resources */ = {isa = PBXBuildFile; fileRef = D99DA4962649838F0093512D /* LaunchScreen.storyboard */; };
		D9BA4D0E26510C7400790E23 /* Ch03_01.swift in Sources */ = {isa = PBXBuildFile; fileRef = D9BA4D0D26510C7400790E23 /* Ch03_01.swift */; };
		D9C2DFE326650DD60033ADD6 /* Ch05_01.swift in Sources */ = {isa = PBXBuildFile; fileRef = D9C2DFE226650DD60033ADD6 /* Ch05_01.swift */; };
		D9C2DFE9266529EF0033ADD6 /* Ch06_01.swift in Sources */ = {isa = PBXBuildFile; fileRef = D9C2DFE8266529EF0033ADD6 /* Ch06_01.swift */; };
		D9C2DFEB26653AEB0033ADD6 /* Ch06_02.swift in Sources */ = {isa = PBXBuildFile; fileRef = D9C2DFEA26653AEB0033ADD6 /* Ch06_02.swift */; };
/* End PBXBuildFile section */

/* Begin PBXFileReference section */
		D90297F5264C1FCA006A6CFA /* Ch02_01.swift */ = {isa = PBXFileReference; lastKnownFileType = sourcecode.swift; path = Ch02_01.swift; sourceTree = "<group>"; };
		D90297F7264C2825006A6CFA /* Ch02_02.swift */ = {isa = PBXFileReference; lastKnownFileType = sourcecode.swift; path = Ch02_02.swift; sourceTree = "<group>"; };
		D915C21D2666863100EF6986 /* Ch07_01.swift */ = {isa = PBXFileReference; lastKnownFileType = sourcecode.swift; path = Ch07_01.swift; sourceTree = "<group>"; };
		D915C21F2666922100EF6986 /* Ch07_02.swift */ = {isa = PBXFileReference; lastKnownFileType = sourcecode.swift; path = Ch07_02.swift; sourceTree = "<group>"; };
		D915C22126669F7000EF6986 /* Ch07_03.swift */ = {isa = PBXFileReference; lastKnownFileType = sourcecode.swift; path = Ch07_03.swift; sourceTree = "<group>"; };
		D98F452026537B6800753BC7 /* Ch03_02.swift */ = {isa = PBXFileReference; lastKnownFileType = sourcecode.swift; path = Ch03_02.swift; sourceTree = "<group>"; };
		D98F45232653AFBF00753BC7 /* Ch04_01.swift */ = {isa = PBXFileReference; lastKnownFileType = sourcecode.swift; path = Ch04_01.swift; sourceTree = "<group>"; };
		D98F45252653C0A500753BC7 /* Ch04_02.swift */ = {isa = PBXFileReference; lastKnownFileType = sourcecode.swift; path = Ch04_02.swift; sourceTree = "<group>"; };
		D98F4527265410C900753BC7 /* Ch04_03.swift */ = {isa = PBXFileReference; lastKnownFileType = sourcecode.swift; path = Ch04_03.swift; sourceTree = "<group>"; };
		D99DA4882649838E0093512D /* SwiftUI-Tutorial.app */ = {isa = PBXFileReference; explicitFileType = wrapper.application; includeInIndex = 0; path = "SwiftUI-Tutorial.app"; sourceTree = BUILT_PRODUCTS_DIR; };
		D99DA48B2649838E0093512D /* AppDelegate.swift */ = {isa = PBXFileReference; lastKnownFileType = sourcecode.swift; path = AppDelegate.swift; sourceTree = "<group>"; };
		D99DA48D2649838E0093512D /* SceneDelegate.swift */ = {isa = PBXFileReference; lastKnownFileType = sourcecode.swift; path = SceneDelegate.swift; sourceTree = "<group>"; };
		D99DA48F2649838E0093512D /* ContentView.swift */ = {isa = PBXFileReference; lastKnownFileType = sourcecode.swift; path = ContentView.swift; sourceTree = "<group>"; };
		D99DA4912649838F0093512D /* Assets.xcassets */ = {isa = PBXFileReference; lastKnownFileType = folder.assetcatalog; path = Assets.xcassets; sourceTree = "<group>"; };
		D99DA4942649838F0093512D /* Preview Assets.xcassets */ = {isa = PBXFileReference; lastKnownFileType = folder.assetcatalog; path = "Preview Assets.xcassets"; sourceTree = "<group>"; };
		D99DA4972649838F0093512D /* Base */ = {isa = PBXFileReference; lastKnownFileType = file.storyboard; name = Base; path = Base.lproj/LaunchScreen.storyboard; sourceTree = "<group>"; };
		D99DA4992649838F0093512D /* Info.plist */ = {isa = PBXFileReference; lastKnownFileType = text.plist.xml; path = Info.plist; sourceTree = "<group>"; };
		D9BA4D0D26510C7400790E23 /* Ch03_01.swift */ = {isa = PBXFileReference; lastKnownFileType = sourcecode.swift; path = Ch03_01.swift; sourceTree = "<group>"; };
		D9C2DFE226650DD60033ADD6 /* Ch05_01.swift */ = {isa = PBXFileReference; lastKnownFileType = sourcecode.swift; path = Ch05_01.swift; sourceTree = "<group>"; };
		D9C2DFE8266529EF0033ADD6 /* Ch06_01.swift */ = {isa = PBXFileReference; lastKnownFileType = sourcecode.swift; path = Ch06_01.swift; sourceTree = "<group>"; };
		D9C2DFEA26653AEB0033ADD6 /* Ch06_02.swift */ = {isa = PBXFileReference; lastKnownFileType = sourcecode.swift; path = Ch06_02.swift; sourceTree = "<group>"; };
/* End PBXFileReference section */

/* Begin PBXFrameworksBuildPhase section */
		D99DA4852649838E0093512D /* Frameworks */ = {
			isa = PBXFrameworksBuildPhase;
			buildActionMask = 2147483647;
			files = (
			);
			runOnlyForDeploymentPostprocessing = 0;
		};
/* End PBXFrameworksBuildPhase section */

/* Begin PBXGroup section */
		D90297F4264C1F9D006A6CFA /* Ch02 */ = {
			isa = PBXGroup;
			children = (
				D90297F5264C1FCA006A6CFA /* Ch02_01.swift */,
				D90297F7264C2825006A6CFA /* Ch02_02.swift */,
			);
			path = Ch02;
			sourceTree = "<group>";
		};
		D915C21C2666861E00EF6986 /* Ch07 */ = {
			isa = PBXGroup;
			children = (
				D915C21D2666863100EF6986 /* Ch07_01.swift */,
				D915C21F2666922100EF6986 /* Ch07_02.swift */,
				D915C22126669F7000EF6986 /* Ch07_03.swift */,
			);
			path = Ch07;
			sourceTree = "<group>";
		};
		D98F45222653AFB100753BC7 /* Ch04 */ = {
			isa = PBXGroup;
			children = (
				D98F45232653AFBF00753BC7 /* Ch04_01.swift */,
				D98F45252653C0A500753BC7 /* Ch04_02.swift */,
				D98F4527265410C900753BC7 /* Ch04_03.swift */,
			);
			path = Ch04;
			sourceTree = "<group>";
		};
		D99DA47F2649838E0093512D = {
			isa = PBXGroup;
			children = (
				D99DA48A2649838E0093512D /* SwiftUI-Tutorial */,
				D99DA4892649838E0093512D /* Products */,
			);
			sourceTree = "<group>";
		};
		D99DA4892649838E0093512D /* Products */ = {
			isa = PBXGroup;
			children = (
				D99DA4882649838E0093512D /* SwiftUI-Tutorial.app */,
			);
			name = Products;
			sourceTree = "<group>";
		};
		D99DA48A2649838E0093512D /* SwiftUI-Tutorial */ = {
			isa = PBXGroup;
			children = (
				D99DA48B2649838E0093512D /* AppDelegate.swift */,
				D99DA48D2649838E0093512D /* SceneDelegate.swift */,
				D99DA48F2649838E0093512D /* ContentView.swift */,
				D99DA4912649838F0093512D /* Assets.xcassets */,
				D99DA4962649838F0093512D /* LaunchScreen.storyboard */,
				D99DA4992649838F0093512D /* Info.plist */,
				D90297F4264C1F9D006A6CFA /* Ch02 */,
				D9BA4D0C26510C5F00790E23 /* Ch03 */,
				D98F45222653AFB100753BC7 /* Ch04 */,
				D9C2DFE126650DC30033ADD6 /* Ch05 */,
				D9C2DFE7266529E00033ADD6 /* Ch06 */,
				D915C21C2666861E00EF6986 /* Ch07 */,
				D99DA4932649838F0093512D /* Preview Content */,
			);
			path = "SwiftUI-Tutorial";
			sourceTree = "<group>";
		};
		D99DA4932649838F0093512D /* Preview Content */ = {
			isa = PBXGroup;
			children = (
				D99DA4942649838F0093512D /* Preview Assets.xcassets */,
			);
			path = "Preview Content";
			sourceTree = "<group>";
		};
		D9BA4D0C26510C5F00790E23 /* Ch03 */ = {
			isa = PBXGroup;
			children = (
				D9BA4D0D26510C7400790E23 /* Ch03_01.swift */,
				D98F452026537B6800753BC7 /* Ch03_02.swift */,
			);
			path = Ch03;
			sourceTree = "<group>";
		};
		D9C2DFE126650DC30033ADD6 /* Ch05 */ = {
			isa = PBXGroup;
			children = (
				D9C2DFE226650DD60033ADD6 /* Ch05_01.swift */,
			);
			path = Ch05;
			sourceTree = "<group>";
		};
		D9C2DFE7266529E00033ADD6 /* Ch06 */ = {
			isa = PBXGroup;
			children = (
				D9C2DFE8266529EF0033ADD6 /* Ch06_01.swift */,
				D9C2DFEA26653AEB0033ADD6 /* Ch06_02.swift */,
			);
			path = Ch06;
			sourceTree = "<group>";
		};
/* End PBXGroup section */

/* Begin PBXNativeTarget section */
		D99DA4872649838E0093512D /* SwiftUI-Tutorial */ = {
			isa = PBXNativeTarget;
			buildConfigurationList = D99DA49C2649838F0093512D /* Build configuration list for PBXNativeTarget "SwiftUI-Tutorial" */;
			buildPhases = (
				D99DA4842649838E0093512D /* Sources */,
				D99DA4852649838E0093512D /* Frameworks */,
				D99DA4862649838E0093512D /* Resources */,
			);
			buildRules = (
			);
			dependencies = (
			);
			name = "SwiftUI-Tutorial";
			productName = "SwiftUI-Tutorial";
			productReference = D99DA4882649838E0093512D /* SwiftUI-Tutorial.app */;
			productType = "com.apple.product-type.application";
		};
/* End PBXNativeTarget section */

/* Begin PBXProject section */
		D99DA4802649838E0093512D /* Project object */ = {
			isa = PBXProject;
			attributes = {
				LastSwiftUpdateCheck = 1250;
				LastUpgradeCheck = 1250;
				TargetAttributes = {
					D99DA4872649838E0093512D = {
						CreatedOnToolsVersion = 12.5;
					};
				};
			};
			buildConfigurationList = D99DA4832649838E0093512D /* Build configuration list for PBXProject "SwiftUI-Tutorial" */;
			compatibilityVersion = "Xcode 9.3";
			developmentRegion = en;
			hasScannedForEncodings = 0;
			knownRegions = (
				en,
				Base,
			);
			mainGroup = D99DA47F2649838E0093512D;
			productRefGroup = D99DA4892649838E0093512D /* Products */;
			projectDirPath = "";
			projectRoot = "";
			targets = (
				D99DA4872649838E0093512D /* SwiftUI-Tutorial */,
			);
		};
/* End PBXProject section */

/* Begin PBXResourcesBuildPhase section */
		D99DA4862649838E0093512D /* Resources */ = {
			isa = PBXResourcesBuildPhase;
			buildActionMask = 2147483647;
			files = (
				D99DA4982649838F0093512D /* LaunchScreen.storyboard in Resources */,
				D99DA4952649838F0093512D /* Preview Assets.xcassets in Resources */,
				D99DA4922649838F0093512D /* Assets.xcassets in Resources */,
			);
			runOnlyForDeploymentPostprocessing = 0;
		};
/* End PBXResourcesBuildPhase section */

/* Begin PBXSourcesBuildPhase section */
		D99DA4842649838E0093512D /* Sources */ = {
			isa = PBXSourcesBuildPhase;
			buildActionMask = 2147483647;
			files = (
				D915C21E2666863100EF6986 /* Ch07_01.swift in Sources */,
				D9C2DFE326650DD60033ADD6 /* Ch05_01.swift in Sources */,
				D9C2DFE9266529EF0033ADD6 /* Ch06_01.swift in Sources */,
				D915C2202666922100EF6986 /* Ch07_02.swift in Sources */,
				D98F45262653C0A500753BC7 /* Ch04_02.swift in Sources */,
				D99DA48C2649838E0093512D /* AppDelegate.swift in Sources */,
				D90297F6264C1FCA006A6CFA /* Ch02_01.swift in Sources */,
				D9C2DFEB26653AEB0033ADD6 /* Ch06_02.swift in Sources */,
				D98F4528265410C900753BC7 /* Ch04_03.swift in Sources */,
				D99DA48E2649838E0093512D /* SceneDelegate.swift in Sources */,
				D90297F8264C2825006A6CFA /* Ch02_02.swift in Sources */,
				D98F452126537B6800753BC7 /* Ch03_02.swift in Sources */,
				D915C22226669F7000EF6986 /* Ch07_03.swift in Sources */,
				D9BA4D0E26510C7400790E23 /* Ch03_01.swift in Sources */,
				D99DA4902649838E0093512D /* ContentView.swift in Sources */,
				D98F45242653AFBF00753BC7 /* Ch04_01.swift in Sources */,
			);
			runOnlyForDeploymentPostprocessing = 0;
		};
/* End PBXSourcesBuildPhase section */

/* Begin PBXVariantGroup section */
		D99DA4962649838F0093512D /* LaunchScreen.storyboard */ = {
			isa = PBXVariantGroup;
			children = (
				D99DA4972649838F0093512D /* Base */,
			);
			name = LaunchScreen.storyboard;
			sourceTree = "<group>";
		};
/* End PBXVariantGroup section */

/* Begin XCBuildConfiguration section */
		D99DA49A2649838F0093512D /* Debug */ = {
			isa = XCBuildConfiguration;
			buildSettings = {
				ALWAYS_SEARCH_USER_PATHS = NO;
				CLANG_ANALYZER_NONNULL = YES;
				CLANG_ANALYZER_NUMBER_OBJECT_CONVERSION = YES_AGGRESSIVE;
				CLANG_CXX_LANGUAGE_STANDARD = "gnu++14";
				CLANG_CXX_LIBRARY = "libc++";
				CLANG_ENABLE_MODULES = YES;
				CLANG_ENABLE_OBJC_ARC = YES;
				CLANG_ENABLE_OBJC_WEAK = YES;
				CLANG_WARN_BLOCK_CAPTURE_AUTORELEASING = YES;
				CLANG_WARN_BOOL_CONVERSION = YES;
				CLANG_WARN_COMMA = YES;
				CLANG_WARN_CONSTANT_CONVERSION = YES;
				CLANG_WARN_DEPRECATED_OBJC_IMPLEMENTATIONS = YES;
				CLANG_WARN_DIRECT_OBJC_ISA_USAGE = YES_ERROR;
				CLANG_WARN_DOCUMENTATION_COMMENTS = YES;
				CLANG_WARN_EMPTY_BODY = YES;
				CLANG_WARN_ENUM_CONVERSION = YES;
				CLANG_WARN_INFINITE_RECURSION = YES;
				CLANG_WARN_INT_CONVERSION = YES;
				CLANG_WARN_NON_LITERAL_NULL_CONVERSION = YES;
				CLANG_WARN_OBJC_IMPLICIT_RETAIN_SELF = YES;
				CLANG_WARN_OBJC_LITERAL_CONVERSION = YES;
				CLANG_WARN_OBJC_ROOT_CLASS = YES_ERROR;
				CLANG_WARN_QUOTED_INCLUDE_IN_FRAMEWORK_HEADER = YES;
				CLANG_WARN_RANGE_LOOP_ANALYSIS = YES;
				CLANG_WARN_STRICT_PROTOTYPES = YES;
				CLANG_WARN_SUSPICIOUS_MOVE = YES;
				CLANG_WARN_UNGUARDED_AVAILABILITY = YES_AGGRESSIVE;
				CLANG_WARN_UNREACHABLE_CODE = YES;
				CLANG_WARN__DUPLICATE_METHOD_MATCH = YES;
				COPY_PHASE_STRIP = NO;
				DEBUG_INFORMATION_FORMAT = dwarf;
				ENABLE_STRICT_OBJC_MSGSEND = YES;
				ENABLE_TESTABILITY = YES;
				GCC_C_LANGUAGE_STANDARD = gnu11;
				GCC_DYNAMIC_NO_PIC = NO;
				GCC_NO_COMMON_BLOCKS = YES;
				GCC_OPTIMIZATION_LEVEL = 0;
				GCC_PREPROCESSOR_DEFINITIONS = (
					"DEBUG=1",
					"$(inherited)",
				);
				GCC_WARN_64_TO_32_BIT_CONVERSION = YES;
				GCC_WARN_ABOUT_RETURN_TYPE = YES_ERROR;
				GCC_WARN_UNDECLARED_SELECTOR = YES;
				GCC_WARN_UNINITIALIZED_AUTOS = YES_AGGRESSIVE;
				GCC_WARN_UNUSED_FUNCTION = YES;
				GCC_WARN_UNUSED_VARIABLE = YES;
				IPHONEOS_DEPLOYMENT_TARGET = 14.5;
				MTL_ENABLE_DEBUG_INFO = INCLUDE_SOURCE;
				MTL_FAST_MATH = YES;
				ONLY_ACTIVE_ARCH = YES;
				SDKROOT = iphoneos;
				SWIFT_ACTIVE_COMPILATION_CONDITIONS = DEBUG;
				SWIFT_OPTIMIZATION_LEVEL = "-Onone";
			};
			name = Debug;
		};
		D99DA49B2649838F0093512D /* Release */ = {
			isa = XCBuildConfiguration;
			buildSettings = {
				ALWAYS_SEARCH_USER_PATHS = NO;
				CLANG_ANALYZER_NONNULL = YES;
				CLANG_ANALYZER_NUMBER_OBJECT_CONVERSION = YES_AGGRESSIVE;
				CLANG_CXX_LANGUAGE_STANDARD = "gnu++14";
				CLANG_CXX_LIBRARY = "libc++";
				CLANG_ENABLE_MODULES = YES;
				CLANG_ENABLE_OBJC_ARC = YES;
				CLANG_ENABLE_OBJC_WEAK = YES;
				CLANG_WARN_BLOCK_CAPTURE_AUTORELEASING = YES;
				CLANG_WARN_BOOL_CONVERSION = YES;
				CLANG_WARN_COMMA = YES;
				CLANG_WARN_CONSTANT_CONVERSION = YES;
				CLANG_WARN_DEPRECATED_OBJC_IMPLEMENTATIONS = YES;
				CLANG_WARN_DIRECT_OBJC_ISA_USAGE = YES_ERROR;
				CLANG_WARN_DOCUMENTATION_COMMENTS = YES;
				CLANG_WARN_EMPTY_BODY = YES;
				CLANG_WARN_ENUM_CONVERSION = YES;
				CLANG_WARN_INFINITE_RECURSION = YES;
				CLANG_WARN_INT_CONVERSION = YES;
				CLANG_WARN_NON_LITERAL_NULL_CONVERSION = YES;
				CLANG_WARN_OBJC_IMPLICIT_RETAIN_SELF = YES;
				CLANG_WARN_OBJC_LITERAL_CONVERSION = YES;
				CLANG_WARN_OBJC_ROOT_CLASS = YES_ERROR;
				CLANG_WARN_QUOTED_INCLUDE_IN_FRAMEWORK_HEADER = YES;
				CLANG_WARN_RANGE_LOOP_ANALYSIS = YES;
				CLANG_WARN_STRICT_PROTOTYPES = YES;
				CLANG_WARN_SUSPICIOUS_MOVE = YES;
				CLANG_WARN_UNGUARDED_AVAILABILITY = YES_AGGRESSIVE;
				CLANG_WARN_UNREACHABLE_CODE = YES;
				CLANG_WARN__DUPLICATE_METHOD_MATCH = YES;
				COPY_PHASE_STRIP = NO;
				DEBUG_INFORMATION_FORMAT = "dwarf-with-dsym";
				ENABLE_NS_ASSERTIONS = NO;
				ENABLE_STRICT_OBJC_MSGSEND = YES;
				GCC_C_LANGUAGE_STANDARD = gnu11;
				GCC_NO_COMMON_BLOCKS = YES;
				GCC_WARN_64_TO_32_BIT_CONVERSION = YES;
				GCC_WARN_ABOUT_RETURN_TYPE = YES_ERROR;
				GCC_WARN_UNDECLARED_SELECTOR = YES;
				GCC_WARN_UNINITIALIZED_AUTOS = YES_AGGRESSIVE;
				GCC_WARN_UNUSED_FUNCTION = YES;
				GCC_WARN_UNUSED_VARIABLE = YES;
				IPHONEOS_DEPLOYMENT_TARGET = 14.5;
				MTL_ENABLE_DEBUG_INFO = NO;
				MTL_FAST_MATH = YES;
				SDKROOT = iphoneos;
				SWIFT_COMPILATION_MODE = wholemodule;
				SWIFT_OPTIMIZATION_LEVEL = "-O";
				VALIDATE_PRODUCT = YES;
			};
			name = Release;
		};
		D99DA49D2649838F0093512D /* Debug */ = {
			isa = XCBuildConfiguration;
			buildSettings = {
				ASSETCATALOG_COMPILER_APPICON_NAME = AppIcon;
				ASSETCATALOG_COMPILER_GLOBAL_ACCENT_COLOR_NAME = AccentColor;
				CODE_SIGN_STYLE = Automatic;
				DEVELOPMENT_ASSET_PATHS = "\"SwiftUI-Tutorial/Preview Content\"";
				DEVELOPMENT_TEAM = KYG7C4ND55;
				ENABLE_PREVIEWS = YES;
				INFOPLIST_FILE = "SwiftUI-Tutorial/Info.plist";
				IPHONEOS_DEPLOYMENT_TARGET = 14.1;
				LD_RUNPATH_SEARCH_PATHS = (
					"$(inherited)",
					"@executable_path/Frameworks",
				);
				PRODUCT_BUNDLE_IDENTIFIER = "com.toast.SwiftUI-Tutorial";
				PRODUCT_NAME = "$(TARGET_NAME)";
				SWIFT_VERSION = 5.0;
				TARGETED_DEVICE_FAMILY = "1,2";
			};
			name = Debug;
		};
		D99DA49E2649838F0093512D /* Release */ = {
			isa = XCBuildConfiguration;
			buildSettings = {
				ASSETCATALOG_COMPILER_APPICON_NAME = AppIcon;
				ASSETCATALOG_COMPILER_GLOBAL_ACCENT_COLOR_NAME = AccentColor;
				CODE_SIGN_STYLE = Automatic;
				DEVELOPMENT_ASSET_PATHS = "\"SwiftUI-Tutorial/Preview Content\"";
				DEVELOPMENT_TEAM = KYG7C4ND55;
				ENABLE_PREVIEWS = YES;
				INFOPLIST_FILE = "SwiftUI-Tutorial/Info.plist";
				IPHONEOS_DEPLOYMENT_TARGET = 14.1;
				LD_RUNPATH_SEARCH_PATHS = (
					"$(inherited)",
					"@executable_path/Frameworks",
				);
				PRODUCT_BUNDLE_IDENTIFIER = "com.toast.SwiftUI-Tutorial";
				PRODUCT_NAME = "$(TARGET_NAME)";
				SWIFT_VERSION = 5.0;
				TARGETED_DEVICE_FAMILY = "1,2";
			};
			name = Release;
		};
/* End XCBuildConfiguration section */

/* Begin XCConfigurationList section */
		D99DA4832649838E0093512D /* Build configuration list for PBXProject "SwiftUI-Tutorial" */ = {
			isa = XCConfigurationList;
			buildConfigurations = (
				D99DA49A2649838F0093512D /* Debug */,
				D99DA49B2649838F0093512D /* Release */,
			);
			defaultConfigurationIsVisible = 0;
			defaultConfigurationName = Release;
		};
		D99DA49C2649838F0093512D /* Build configuration list for PBXNativeTarget "SwiftUI-Tutorial" */ = {
			isa = XCConfigurationList;
			buildConfigurations = (
				D99DA49D2649838F0093512D /* Debug */,
				D99DA49E2649838F0093512D /* Release */,
			);
			defaultConfigurationIsVisible = 0;
			defaultConfigurationName = Release;
		};
/* End XCConfigurationList section */
	};
	rootObject = D99DA4802649838E0093512D /* Project object */;
}
